
Microsoft Visual Studio Solution File, Format Version 10.00
# Visual Studio 2008
Project("{8BC9CEB8-8B4A-11D0-8D11-00A0C91BC942}") = "mysql_demo", "mysql_demo\mysql_demo.vcproj", "{4360861B-9845-44A6-A8E1-CD4E755C029C}"
EndProject
Global
	GlobalSection(SolutionConfigurationPlatforms) = preSolution
		Debug|Win32 = Debug|Win32
		Release|Win32 = Release|Win32
	EndGlobalSection
	GlobalSection(ProjectConfigurationPlatforms) = postSolution
		{4360861B-9845-44A6-A8E1-CD4E755C029C}.Debug|Win32.ActiveCfg = Debug|Win32
		{4360861B-9845-44A6-A8E1-CD4E755C029C}.Debug|Win32.Build.0 = Debug|Win32
		{4360861B-9845-44A6-A8E1-CD4E755C029C}.Release|Win32.ActiveCfg = Release|Win32
		{4360861B-9845-44A6-A8E1-CD4E755C029C}.Release|Win32.Build.0 = Release|Win32
	EndGlobalSection
	GlobalSection(SolutionProperties) = preSolution
		HideSolutionNode = FALSE
	EndGlobalSection
EndGlobal
