
Microsoft Visual Studio Solution File, Format Version 10.00
# Visual Studio 2008
Project("{8BC9CEB8-8B4A-11D0-8D11-00A0C91BC942}") = "jzrt0", "jzrt0\jzrt0.vcproj", "{3C27D604-796F-43CB-9F18-03BFB6F743AD}"
EndProject
Project("{8BC9CEB8-8B4A-11D0-8D11-00A0C91BC942}") = "jzmem_t", "jzmem_t\jzmem_t.vcproj", "{E1B8C99A-0CC1-4DD8-A0E5-72412F7753A4}"
	ProjectSection(ProjectDependencies) = postProject
		{3C27D604-796F-43CB-9F18-03BFB6F743AD} = {3C27D604-796F-43CB-9F18-03BFB6F743AD}
	EndProjectSection
EndProject
Global
	GlobalSection(SolutionConfigurationPlatforms) = preSolution
		Debug|Win32 = Debug|Win32
		Release|Win32 = Release|Win32
	EndGlobalSection
	GlobalSection(ProjectConfigurationPlatforms) = postSolution
		{3C27D604-796F-43CB-9F18-03BFB6F743AD}.Debug|Win32.ActiveCfg = Debug|Win32
		{3C27D604-796F-43CB-9F18-03BFB6F743AD}.Debug|Win32.Build.0 = Debug|Win32
		{3C27D604-796F-43CB-9F18-03BFB6F743AD}.Release|Win32.ActiveCfg = Release|Win32
		{3C27D604-796F-43CB-9F18-03BFB6F743AD}.Release|Win32.Build.0 = Release|Win32
		{E1B8C99A-0CC1-4DD8-A0E5-72412F7753A4}.Debug|Win32.ActiveCfg = Debug|Win32
		{E1B8C99A-0CC1-4DD8-A0E5-72412F7753A4}.Debug|Win32.Build.0 = Debug|Win32
		{E1B8C99A-0CC1-4DD8-A0E5-72412F7753A4}.Release|Win32.ActiveCfg = Release|Win32
		{E1B8C99A-0CC1-4DD8-A0E5-72412F7753A4}.Release|Win32.Build.0 = Release|Win32
	EndGlobalSection
	GlobalSection(SolutionProperties) = preSolution
		HideSolutionNode = FALSE
	EndGlobalSection
EndGlobal
